<Solution>
  <Folder Name="/gateway/">
    <Project Path="D:/Azure/FactoryFloor/src/gateway/FactoryFloor.Gateway/FactoryFloor.Gateway.csproj" />
  </Folder>
  <Folder Name="/services/" />
  <Folder Name="/services/identity-service/">
    <File Path="Dockerfile" />
    <Project Path="D:/Azure/FactoryFloor/src/services/identity-service/FactoryFloor.IdentityService/FactoryFloor.IdentityService.csproj" />
  </Folder>
  <Folder Name="/services/machine-service/">
    <Project Path="D:/Azure/FactoryFloor/src/services/machine-service/FactoryFloor.MachineService/FactoryFloor.MachineService.csproj" />
  </Folder>
  <Folder Name="/services/notification-service/">
    <Project Path="services/notification-service/FactoryFloor.NotificationService/FactoryFloor.NotificationService.csproj" />
  </Folder>
  <Folder Name="/services/telemetry-service/">
    <Project Path="services/telemetry-service/FactoryFloor.TelemetryService/FactoryFloor.TelemetryService.csproj" />
  </Folder>
  <Folder Name="/shared/" />
  <Folder Name="/shared/building-blocks/">
    <Project Path="D:/Azure/FactoryFloor/src/shared/building-blocks/FactoryFloor.BuildingBlocks/FactoryFloor.BuildingBlocks.csproj" />
  </Folder>
  <Folder Name="/shared/contracts/">
    <Project Path="D:/Azure/FactoryFloor/src/shared/contracts/FactoryFloor.Contracts/FactoryFloor.Contracts.csproj" />
  </Folder>
  <Project Path="factoryfloor-ui/" Type="Website" DisplayName="factoryfloor-ui">
    <BuildType Project="Debug" />
    <Properties Name="WebsiteProperties">
      <Property Name="Debug.AspNetCompiler.Debug" Value="&quot;True&quot;" />
      <Property Name="Debug.AspNetCompiler.FixedNames" Value="&quot;false&quot;" />
      <Property Name="Debug.AspNetCompiler.ForceOverwrite" Value="&quot;true&quot;" />
      <Property Name="Debug.AspNetCompiler.PhysicalPath" Value="&quot;factoryfloor-ui\&quot;" />
      <Property Name="Debug.AspNetCompiler.TargetPath" Value="&quot;PrecompiledWeb\localhost_54367\&quot;" />
      <Property Name="Debug.AspNetCompiler.Updateable" Value="&quot;true&quot;" />
      <Property Name="Debug.AspNetCompiler.VirtualPath" Value="&quot;/localhost_54367&quot;" />
      <Property Name="Release.AspNetCompiler.Debug" Value="&quot;False&quot;" />
      <Property Name="Release.AspNetCompiler.FixedNames" Value="&quot;false&quot;" />
      <Property Name="Release.AspNetCompiler.ForceOverwrite" Value="&quot;true&quot;" />
      <Property Name="Release.AspNetCompiler.PhysicalPath" Value="&quot;factoryfloor-ui\&quot;" />
      <Property Name="Release.AspNetCompiler.TargetPath" Value="&quot;PrecompiledWeb\localhost_54367\&quot;" />
      <Property Name="Release.AspNetCompiler.Updateable" Value="&quot;true&quot;" />
      <Property Name="Release.AspNetCompiler.VirtualPath" Value="&quot;/localhost_54367&quot;" />
      <Property Name="TargetFrameworkMoniker" Value="&quot;.NETFramework,Version%3Dv4.8&quot;" />
      <Property Name="VWDPort" Value="&quot;54367&quot;" />
    </Properties>
  </Project>
</Solution>
